{
  "name": "dcl-project",
  "version": "1.0.0",
  "lockfileVersion": 1,
  "requires": true,
  "dependencies": {
    "commander": {
      "version": "2.20.0",
      "resolved": "https://registry.npmjs.org/commander/-/commander-2.20.0.tgz",
      "integrity": "sha512-7j2y+40w61zy6YC2iRNpUe/NwhNyoXrYpHMrSunaMG64nRnaf96zO/KMQR4OyN/UnE5KLyEBnKHd4aG3rskjpQ==",
      "dev": true
    },
    "decentraland-ecs": {
      "version": "5.0.1-20190417150445.commit-8402995",
      "resolved": "https://registry.npmjs.org/decentraland-ecs/-/decentraland-ecs-5.0.1-20190417150445.commit-8402995.tgz",
      "integrity": "sha512-b4xoJqgysDzW8vjWbeCc8lqskRg69IJ0Zxc9mvrBy/mZbKvV60dyFFRGDI3va8ttXxZWO2BQl/Krse9FG2pR2A==",
      "dev": true,
      "requires": {
        "typescript": "^3.2.2",
        "uglify-js": "^3.5.2"
      }
    },
    "source-map": {
      "version": "0.6.1",
      "resolved": "https://registry.npmjs.org/source-map/-/source-map-0.6.1.tgz",
      "integrity": "sha512-UjgapumWlbMhkBgzT7Ykc5YXUT46F0iKu8SGXq0bcwP5dz/h0Plj6enJqjz1Zbq2l5WaqYnrVbwWOWMyF3F47g==",
      "dev": true
    },
    "typescript": {
      "version": "3.4.4",
      "resolved": "https://registry.npmjs.org/typescript/-/typescript-3.4.4.tgz",
      "integrity": "sha512-xt5RsIRCEaf6+j9AyOBgvVuAec0i92rgCaS3S+UVf5Z/vF2Hvtsw08wtUTJqp4djwznoAgjSxeCcU4r+CcDBJA==",
      "dev": true
    },
    "uglify-js": {
      "version": "3.5.5",
      "resolved": "https://registry.npmjs.org/uglify-js/-/uglify-js-3.5.5.tgz",
      "integrity": "sha512-e58FqZzPwaLODQetDQKlvErZaGkh1UmzP8YwU0aG65NLourKNtwVyDG8tkIyUU0vqWzxaikSvTaxrCSscmvqvQ==",
      "dev": true,
      "requires": {
        "commander": "~2.20.0",
        "source-map": "~0.6.1"
      }
    }
  }
}
